// !$*UTF8*$!
{
	archiveVersion = 1;
	classes = {
	};
	objectVersion = 77;
	objects = {

/* Begin PBXBuildFile section */
		6D2872D72F173CB30076CD4B /* CoreLocation.framework in Frameworks */ = {isa = PBXBuildFile; fileRef = 6D2872D62F173CB30076CD4B /* CoreLocation.framework */; };
		6D581EDA2F0D2B5400D4B7F8 /* AVFoundation.framework in Frameworks */ = {isa = PBXBuildFile; fileRef = 6D581ED92F0D2B5400D4B7F8 /* AVFoundation.framework */; };
		79F4CF4AB72D143E352E5851 /* Pods_ShinGikenApp.framework in Frameworks */ = {isa = PBXBuildFile; fileRef = D96B5624E72F0E530B01BFF7 /* Pods_ShinGikenApp.framework */; };
/* End PBXBuildFile section */

/* Begin PBXContainerItemProxy section */
		6D581E412F09346C00D4B7F8 /* PBXContainerItemProxy */ = {
			isa = PBXContainerItemProxy;
			containerPortal = 6D581E222F09346900D4B7F8 /* Project object */;
			proxyType = 1;
			remoteGlobalIDString = 6D581E292F09346900D4B7F8;
			remoteInfo = ShinGikenApp;
		};
		6D581E4B2F09346C00D4B7F8 /* PBXContainerItemProxy */ = {
			isa = PBXContainerItemProxy;
			containerPortal = 6D581E222F09346900D4B7F8 /* Project object */;
			proxyType = 1;
			remoteGlobalIDString = 6D581E292F09346900D4B7F8;
			remoteInfo = ShinGikenApp;
		};
/* End PBXContainerItemProxy section */

/* Begin PBXFileReference section */
		6D2872D62F173CB30076CD4B /* CoreLocation.framework */ = {isa = PBXFileReference; lastKnownFileType = wrapper.framework; name = CoreLocation.framework; path = System/Library/Frameworks/CoreLocation.framework; sourceTree = SDKROOT; };
		6D581E2A2F09346900D4B7F8 /* ShinGikenApp.app */ = {isa = PBXFileReference; explicitFileType = wrapper.application; includeInIndex = 0; path = ShinGikenApp.app; sourceTree = BUILT_PRODUCTS_DIR; };
		6D581E402F09346C00D4B7F8 /* ShinGikenAppTests.xctest */ = {isa = PBXFileReference; explicitFileType = wrapper.cfbundle; includeInIndex = 0; path = ShinGikenAppTests.xctest; sourceTree = BUILT_PRODUCTS_DIR; };
		6D581E4A2F09346C00D4B7F8 /* ShinGikenAppUITests.xctest */ = {isa = PBXFileReference; explicitFileType = wrapper.cfbundle; includeInIndex = 0; path = ShinGikenAppUITests.xctest; sourceTree = BUILT_PRODUCTS_DIR; };
		6D581ED92F0D2B5400D4B7F8 /* AVFoundation.framework */ = {isa = PBXFileReference; lastKnownFileType = wrapper.framework; name = AVFoundation.framework; path = System/Library/Frameworks/AVFoundation.framework; sourceTree = SDKROOT; };
		7B56B3F7AB46601783AD06AA /* Pods-ShinGikenApp.release.xcconfig */ = {isa = PBXFileReference; includeInIndex = 1; lastKnownFileType = text.xcconfig; name = "Pods-ShinGikenApp.release.xcconfig"; path = "Target Support Files/Pods-ShinGikenApp/Pods-ShinGikenApp.release.xcconfig"; sourceTree = "<group>"; };
		82D46D812205A286BF748F91 /* Pods-ShinGikenApp.debug.xcconfig */ = {isa = PBXFileReference; includeInIndex = 1; lastKnownFileType = text.xcconfig; name = "Pods-ShinGikenApp.debug.xcconfig"; path = "Target Support Files/Pods-ShinGikenApp/Pods-ShinGikenApp.debug.xcconfig"; sourceTree = "<group>"; };
		D96B5624E72F0E530B01BFF7 /* Pods_ShinGikenApp.framework */ = {isa = PBXFileReference; explicitFileType = wrapper.framework; includeInIndex = 0; path = Pods_ShinGikenApp.framework; sourceTree = BUILT_PRODUCTS_DIR; };
/* End PBXFileReference section */

/* Begin PBXFileSystemSynchronizedBuildFileExceptionSet section */
		6D581E522F09346C00D4B7F8 /* Exceptions for "ShinGikenApp" folder in "ShinGikenApp" target */ = {
			isa = PBXFileSystemSynchronizedBuildFileExceptionSet;
			membershipExceptions = (
				Info.plist,
			);
			target = 6D581E292F09346900D4B7F8 /* ShinGikenApp */;
		};
/* End PBXFileSystemSynchronizedBuildFileExceptionSet section */

/* Begin PBXFileSystemSynchronizedRootGroup section */
		6D581E2C2F09346900D4B7F8 /* ShinGikenApp */ = {
			isa = PBXFileSystemSynchronizedRootGroup;
			exceptions = (
				6D581E522F09346C00D4B7F8 /* Exceptions for "ShinGikenApp" folder in "ShinGikenApp" target */,
			);
			path = ShinGikenApp;
			sourceTree = "<group>";
		};
		6D581E432F09346C00D4B7F8 /* ShinGikenAppTests */ = {
			isa = PBXFileSystemSynchronizedRootGroup;
			path = ShinGikenAppTests;
			sourceTree = "<group>";
		};
		6D581E4D2F09346C00D4B7F8 /* ShinGikenAppUITests */ = {
			isa = PBXFileSystemSynchronizedRootGroup;
			path = ShinGikenAppUITests;
			sourceTree = "<group>";
		};
/* End PBXFileSystemSynchronizedRootGroup section */

/* Begin PBXFrameworksBuildPhase section */
		6D581E272F09346900D4B7F8 /* Frameworks */ = {
			isa = PBXFrameworksBuildPhase;
			buildActionMask = 2147483647;
			files = (
				6D2872D72F173CB30076CD4B /* CoreLocation.framework in Frameworks */,
				6D581EDA2F0D2B5400D4B7F8 /* AVFoundation.framework in Frameworks */,
				79F4CF4AB72D143E352E5851 /* Pods_ShinGikenApp.framework in Frameworks */,
			);
			runOnlyForDeploymentPostprocessing = 0;
		};
		6D581E3D2F09346C00D4B7F8 /* Frameworks */ = {
			isa = PBXFrameworksBuildPhase;
			buildActionMask = 2147483647;
			files = (
			);
			runOnlyForDeploymentPostprocessing = 0;
		};
		6D581E472F09346C00D4B7F8 /* Frameworks */ = {
			isa = PBXFrameworksBuildPhase;
			buildActionMask = 2147483647;
			files = (
			);
			runOnlyForDeploymentPostprocessing = 0;
		};
/* End PBXFrameworksBuildPhase section */

/* Begin PBXGroup section */
		6D581E212F09346900D4B7F8 = {
			isa = PBXGroup;
			children = (
				6D581E2C2F09346900D4B7F8 /* ShinGikenApp */,
				6D581E432F09346C00D4B7F8 /* ShinGikenAppTests */,
				6D581E4D2F09346C00D4B7F8 /* ShinGikenAppUITests */,
				6D581ED82F0D2B5300D4B7F8 /* Frameworks */,
				6D581E2B2F09346900D4B7F8 /* Products */,
				A4F049E51928E246F83DEB96 /* Pods */,
			);
			sourceTree = "<group>";
		};
		6D581E2B2F09346900D4B7F8 /* Products */ = {
			isa = PBXGroup;
			children = (
				6D581E2A2F09346900D4B7F8 /* ShinGikenApp.app */,
				6D581E402F09346C00D4B7F8 /* ShinGikenAppTests.xctest */,
				6D581E4A2F09346C00D4B7F8 /* ShinGikenAppUITests.xctest */,
			);
			name = Products;
			sourceTree = "<group>";
		};
		6D581ED82F0D2B5300D4B7F8 /* Frameworks */ = {
			isa = PBXGroup;
			children = (
				6D2872D62F173CB30076CD4B /* CoreLocation.framework */,
				6D581ED92F0D2B5400D4B7F8 /* AVFoundation.framework */,
				D96B5624E72F0E530B01BFF7 /* Pods_ShinGikenApp.framework */,
			);
			name = Frameworks;
			sourceTree = "<group>";
		};
		A4F049E51928E246F83DEB96 /* Pods */ = {
			isa = PBXGroup;
			children = (
				82D46D812205A286BF748F91 /* Pods-ShinGikenApp.debug.xcconfig */,
				7B56B3F7AB46601783AD06AA /* Pods-ShinGikenApp.release.xcconfig */,
			);
			path = Pods;
			sourceTree = "<group>";
		};
/* End PBXGroup section */

/* Begin PBXNativeTarget section */
		6D581E292F09346900D4B7F8 /* ShinGikenApp */ = {
			isa = PBXNativeTarget;
			buildConfigurationList = 6D581E532F09346C00D4B7F8 /* Build configuration list for PBXNativeTarget "ShinGikenApp" */;
			buildPhases = (
				6940043847210C522A45F8AF /* [CP] Check Pods Manifest.lock */,
				6D581E262F09346900D4B7F8 /* Sources */,
				6D581E272F09346900D4B7F8 /* Frameworks */,
				6D581E282F09346900D4B7F8 /* Resources */,
				93E440D50F2AFBC545911C85 /* [CP] Embed Pods Frameworks */,
			);
			buildRules = (
			);
			dependencies = (
			);
			fileSystemSynchronizedGroups = (
				6D581E2C2F09346900D4B7F8 /* ShinGikenApp */,
			);
			name = ShinGikenApp;
			productName = ShinGikenApp;
			productReference = 6D581E2A2F09346900D4B7F8 /* ShinGikenApp.app */;
			productType = "com.apple.product-type.application";
		};
		6D581E3F2F09346C00D4B7F8 /* ShinGikenAppTests */ = {
			isa = PBXNativeTarget;
			buildConfigurationList = 6D581E582F09346C00D4B7F8 /* Build configuration list for PBXNativeTarget "ShinGikenAppTests" */;
			buildPhases = (
				6D581E3C2F09346C00D4B7F8 /* Sources */,
				6D581E3D2F09346C00D4B7F8 /* Frameworks */,
				6D581E3E2F09346C00D4B7F8 /* Resources */,
			);
			buildRules = (
			);
			dependencies = (
				6D581E422F09346C00D4B7F8 /* PBXTargetDependency */,
			);
			fileSystemSynchronizedGroups = (
				6D581E432F09346C00D4B7F8 /* ShinGikenAppTests */,
			);
			name = ShinGikenAppTests;
			productName = ShinGikenAppTests;
			productReference = 6D581E402F09346C00D4B7F8 /* ShinGikenAppTests.xctest */;
			productType = "com.apple.product-type.bundle.unit-test";
		};
		6D581E492F09346C00D4B7F8 /* ShinGikenAppUITests */ = {
			isa = PBXNativeTarget;
			buildConfigurationList = 6D581E5B2F09346C00D4B7F8 /* Build configuration list for PBXNativeTarget "ShinGikenAppUITests" */;
			buildPhases = (
				6D581E462F09346C00D4B7F8 /* Sources */,
				6D581E472F09346C00D4B7F8 /* Frameworks */,
				6D581E482F09346C00D4B7F8 /* Resources */,
			);
			buildRules = (
			);
			dependencies = (
				6D581E4C2F09346C00D4B7F8 /* PBXTargetDependency */,
			);
			fileSystemSynchronizedGroups = (
				6D581E4D2F09346C00D4B7F8 /* ShinGikenAppUITests */,
			);
			name = ShinGikenAppUITests;
			productName = ShinGikenAppUITests;
			productReference = 6D581E4A2F09346C00D4B7F8 /* ShinGikenAppUITests.xctest */;
			productType = "com.apple.product-type.bundle.ui-testing";
		};
/* End PBXNativeTarget section */

/* Begin PBXProject section */
		6D581E222F09346900D4B7F8 /* Project object */ = {
			isa = PBXProject;
			attributes = {
				BuildIndependentTargetsInParallel = 1;
				LastSwiftUpdateCheck = 1640;
				LastUpgradeCheck = 1640;
				TargetAttributes = {
					6D581E292F09346900D4B7F8 = {
						CreatedOnToolsVersion = 16.4;
					};
					6D581E3F2F09346C00D4B7F8 = {
						CreatedOnToolsVersion = 16.4;
						TestTargetID = 6D581E292F09346900D4B7F8;
					};
					6D581E492F09346C00D4B7F8 = {
						CreatedOnToolsVersion = 16.4;
						TestTargetID = 6D581E292F09346900D4B7F8;
					};
				};
			};
			buildConfigurationList = 6D581E252F09346900D4B7F8 /* Build configuration list for PBXProject "ShinGikenApp" */;
			developmentRegion = en;
			hasScannedForEncodings = 0;
			knownRegions = (
				en,
				Base,
			);
			mainGroup = 6D581E212F09346900D4B7F8;
			minimizedProjectReferenceProxies = 1;
			preferredProjectObjectVersion = 77;
			productRefGroup = 6D581E2B2F09346900D4B7F8 /* Products */;
			projectDirPath = "";
			projectRoot = "";
			targets = (
				6D581E292F09346900D4B7F8 /* ShinGikenApp */,
				6D581E3F2F09346C00D4B7F8 /* ShinGikenAppTests */,
				6D581E492F09346C00D4B7F8 /* ShinGikenAppUITests */,
			);
		};
/* End PBXProject section */

/* Begin PBXResourcesBuildPhase section */
		6D581E282F09346900D4B7F8 /* Resources */ = {
			isa = PBXResourcesBuildPhase;
			buildActionMask = 2147483647;
			files = (
			);
			runOnlyForDeploymentPostprocessing = 0;
		};
		6D581E3E2F09346C00D4B7F8 /* Resources */ = {
			isa = PBXResourcesBuildPhase;
			buildActionMask = 2147483647;
			files = (
			);
			runOnlyForDeploymentPostprocessing = 0;
		};
		6D581E482F09346C00D4B7F8 /* Resources */ = {
			isa = PBXResourcesBuildPhase;
			buildActionMask = 2147483647;
			files = (
			);
			runOnlyForDeploymentPostprocessing = 0;
		};
/* End PBXResourcesBuildPhase section */

/* Begin PBXShellScriptBuildPhase section */
		6940043847210C522A45F8AF /* [CP] Check Pods Manifest.lock */ = {
			isa = PBXShellScriptBuildPhase;
			buildActionMask = 2147483647;
			files = (
			);
			inputFileListPaths = (
			);
			inputPaths = (
				"${PODS_PODFILE_DIR_PATH}/Podfile.lock",
				"${PODS_ROOT}/Manifest.lock",
			);
			name = "[CP] Check Pods Manifest.lock";
			outputFileListPaths = (
			);
			outputPaths = (
				"$(DERIVED_FILE_DIR)/Pods-ShinGikenApp-checkManifestLockResult.txt",
			);
			runOnlyForDeploymentPostprocessing = 0;
			shellPath = /bin/sh;
			shellScript = "diff \"${PODS_PODFILE_DIR_PATH}/Podfile.lock\" \"${PODS_ROOT}/Manifest.lock\" > /dev/null\nif [ $? != 0 ] ; then\n    # print error to STDERR\n    echo \"error: The sandbox is not in sync with the Podfile.lock. Run 'pod install' or update your CocoaPods installation.\" >&2\n    exit 1\nfi\n# This output is used by Xcode 'outputs' to avoid re-running this script phase.\necho \"SUCCESS\" > \"${SCRIPT_OUTPUT_FILE_0}\"\n";
			showEnvVarsInLog = 0;
		};
		93E440D50F2AFBC545911C85 /* [CP] Embed Pods Frameworks */ = {
			isa = PBXShellScriptBuildPhase;
			buildActionMask = 2147483647;
			files = (
			);
			inputFileListPaths = (
				"${PODS_ROOT}/Target Support Files/Pods-ShinGikenApp/Pods-ShinGikenApp-frameworks-${CONFIGURATION}-input-files.xcfilelist",
			);
			inputPaths = (
			);
			name = "[CP] Embed Pods Frameworks";
			outputFileListPaths = (
				"${PODS_ROOT}/Target Support Files/Pods-ShinGikenApp/Pods-ShinGikenApp-frameworks-${CONFIGURATION}-output-files.xcfilelist",
			);
			outputPaths = (
			);
			runOnlyForDeploymentPostprocessing = 0;
			shellPath = /bin/sh;
			shellScript = "\"${PODS_ROOT}/Target Support Files/Pods-ShinGikenApp/Pods-ShinGikenApp-frameworks.sh\"\n";
			showEnvVarsInLog = 0;
		};
/* End PBXShellScriptBuildPhase section */

/* Begin PBXSourcesBuildPhase section */
		6D581E262F09346900D4B7F8 /* Sources */ = {
			isa = PBXSourcesBuildPhase;
			buildActionMask = 2147483647;
			files = (
			);
			runOnlyForDeploymentPostprocessing = 0;
		};
		6D581E3C2F09346C00D4B7F8 /* Sources */ = {
			isa = PBXSourcesBuildPhase;
			buildActionMask = 2147483647;
			files = (
			);
			runOnlyForDeploymentPostprocessing = 0;
		};
		6D581E462F09346C00D4B7F8 /* Sources */ = {
			isa = PBXSourcesBuildPhase;
			buildActionMask = 2147483647;
			files = (
			);
			runOnlyForDeploymentPostprocessing = 0;
		};
/* End PBXSourcesBuildPhase section */

/* Begin PBXTargetDependency section */
		6D581E422F09346C00D4B7F8 /* PBXTargetDependency */ = {
			isa = PBXTargetDependency;
			target = 6D581E292F09346900D4B7F8 /* ShinGikenApp */;
			targetProxy = 6D581E412F09346C00D4B7F8 /* PBXContainerItemProxy */;
		};
		6D581E4C2F09346C00D4B7F8 /* PBXTargetDependency */ = {
			isa = PBXTargetDependency;
			target = 6D581E292F09346900D4B7F8 /* ShinGikenApp */;
			targetProxy = 6D581E4B2F09346C00D4B7F8 /* PBXContainerItemProxy */;
		};
/* End PBXTargetDependency section */

/* Begin XCBuildConfiguration section */
		6D581E542F09346C00D4B7F8 /* Debug */ = {
			isa = XCBuildConfiguration;
			baseConfigurationReference = 82D46D812205A286BF748F91 /* Pods-ShinGikenApp.debug.xcconfig */;
			buildSettings = {
				ASSETCATALOG_COMPILER_APPICON_NAME = AppIcon;
				ASSETCATALOG_COMPILER_GLOBAL_ACCENT_COLOR_NAME = AccentColor;
				CODE_SIGN_STYLE = Automatic;
				CURRENT_PROJECT_VERSION = 1;
				DEVELOPMENT_TEAM = MT2JN72543;
				ENABLE_USER_SCRIPT_SANDBOXING = NO;
				GENERATE_INFOPLIST_FILE = YES;
				INFOPLIST_FILE = ShinGikenApp/Info.plist;
				INFOPLIST_KEY_CFBundleDisplayName = "";
				INFOPLIST_KEY_NSCameraUsageDescription = "カメラを利用するため";
				INFOPLIST_KEY_NSLocationAlwaysAndWhenInUseUsageDescription = "位置情報を利用するため";
				INFOPLIST_KEY_NSLocationUsageDescription = "位置情報を利用するため";
				INFOPLIST_KEY_NSLocationWhenInUseUsageDescription = "位置情報を利用するため";
				INFOPLIST_KEY_UIApplicationSupportsIndirectInputEvents = YES;
				INFOPLIST_KEY_UILaunchStoryboardName = LaunchScreen;
				INFOPLIST_KEY_UIMainStoryboardFile = Main;
				INFOPLIST_KEY_UISupportedInterfaceOrientations_iPad = "UIInterfaceOrientationPortrait UIInterfaceOrientationPortraitUpsideDown UIInterfaceOrientationLandscapeLeft UIInterfaceOrientationLandscapeRight";
				INFOPLIST_KEY_UISupportedInterfaceOrientations_iPhone = "UIInterfaceOrientationPortrait UIInterfaceOrientationLandscapeLeft UIInterfaceOrientationLandscapeRight";
				IPHONEOS_DEPLOYMENT_TARGET = 16.6;
				LD_RUNPATH_SEARCH_PATHS = (
					"$(inherited)",
					"@executable_path/Frameworks",
				);
				MARKETING_VERSION = 1.0;
				PRODUCT_BUNDLE_IDENTIFIER = jp.or.hopterschool..ShinGikenApp;
				PRODUCT_NAME = "$(TARGET_NAME)";
				SWIFT_EMIT_LOC_STRINGS = YES;
				SWIFT_VERSION = 5.0;
				TARGETED_DEVICE_FAMILY = "1,2";
			};
			name = Debug;
		};
		6D581E552F09346C00D4B7F8 /* Release */ = {
			isa = XCBuildConfiguration;
			baseConfigurationReference = 7B56B3F7AB46601783AD06AA /* Pods-ShinGikenApp.release.xcconfig */;
			buildSettings = {
				ASSETCATALOG_COMPILER_APPICON_NAME = AppIcon;
				ASSETCATALOG_COMPILER_GLOBAL_ACCENT_COLOR_NAME = AccentColor;
				CODE_SIGN_STYLE = Automatic;
				CURRENT_PROJECT_VERSION = 1;
				DEVELOPMENT_TEAM = MT2JN72543;
				ENABLE_USER_SCRIPT_SANDBOXING = NO;
				GENERATE_INFOPLIST_FILE = YES;
				INFOPLIST_FILE = ShinGikenApp/Info.plist;
				INFOPLIST_KEY_CFBundleDisplayName = "";
				INFOPLIST_KEY_NSCameraUsageDescription = "カメラを利用するため";
				INFOPLIST_KEY_NSLocationAlwaysAndWhenInUseUsageDescription = "位置情報を利用するため";
				INFOPLIST_KEY_NSLocationUsageDescription = "位置情報を利用するため";
				INFOPLIST_KEY_NSLocationWhenInUseUsageDescription = "位置情報を利用するため";
				INFOPLIST_KEY_UIApplicationSupportsIndirectInputEvents = YES;
				INFOPLIST_KEY_UILaunchStoryboardName = LaunchScreen;
				INFOPLIST_KEY_UIMainStoryboardFile = Main;
				INFOPLIST_KEY_UISupportedInterfaceOrientations_iPad = "UIInterfaceOrientationPortrait UIInterfaceOrientationPortraitUpsideDown UIInterfaceOrientationLandscapeLeft UIInterfaceOrientationLandscapeRight";
				INFOPLIST_KEY_UISupportedInterfaceOrientations_iPhone = "UIInterfaceOrientationPortrait UIInterfaceOrientationLandscapeLeft UIInterfaceOrientationLandscapeRight";
				IPHONEOS_DEPLOYMENT_TARGET = 16.6;
				LD_RUNPATH_SEARCH_PATHS = (
					"$(inherited)",
					"@executable_path/Frameworks",
				);
				MARKETING_VERSION = 1.0;
				PRODUCT_BUNDLE_IDENTIFIER = jp.or.hopterschool..ShinGikenApp;
				PRODUCT_NAME = "$(TARGET_NAME)";
				SWIFT_EMIT_LOC_STRINGS = YES;
				SWIFT_VERSION = 5.0;
				TARGETED_DEVICE_FAMILY = "1,2";
			};
			name = Release;
		};
		6D581E562F09346C00D4B7F8 /* Debug */ = {
			isa = XCBuildConfiguration;
			buildSettings = {
				ALWAYS_SEARCH_USER_PATHS = NO;
				ASSETCATALOG_COMPILER_GENERATE_SWIFT_ASSET_SYMBOL_EXTENSIONS = YES;
				CLANG_ANALYZER_NONNULL = YES;
				CLANG_ANALYZER_NUMBER_OBJECT_CONVERSION = YES_AGGRESSIVE;
				CLANG_CXX_LANGUAGE_STANDARD = "gnu++20";
				CLANG_ENABLE_MODULES = YES;
				CLANG_ENABLE_OBJC_ARC = YES;
				CLANG_ENABLE_OBJC_WEAK = YES;
				CLANG_WARN_BLOCK_CAPTURE_AUTORELEASING = YES;
				CLANG_WARN_BOOL_CONVERSION = YES;
				CLANG_WARN_COMMA = YES;
				CLANG_WARN_CONSTANT_CONVERSION = YES;
				CLANG_WARN_DEPRECATED_OBJC_IMPLEMENTATIONS = YES;
				CLANG_WARN_DIRECT_OBJC_ISA_USAGE = YES_ERROR;
				CLANG_WARN_DOCUMENTATION_COMMENTS = YES;
				CLANG_WARN_EMPTY_BODY = YES;
				CLANG_WARN_ENUM_CONVERSION = YES;
				CLANG_WARN_INFINITE_RECURSION = YES;
				CLANG_WARN_INT_CONVERSION = YES;
				CLANG_WARN_NON_LITERAL_NULL_CONVERSION = YES;
				CLANG_WARN_OBJC_IMPLICIT_RETAIN_SELF = YES;
				CLANG_WARN_OBJC_LITERAL_CONVERSION = YES;
				CLANG_WARN_OBJC_ROOT_CLASS = YES_ERROR;
				CLANG_WARN_QUOTED_INCLUDE_IN_FRAMEWORK_HEADER = YES;
				CLANG_WARN_RANGE_LOOP_ANALYSIS = YES;
				CLANG_WARN_STRICT_PROTOTYPES = YES;
				CLANG_WARN_SUSPICIOUS_MOVE = YES;
				CLANG_WARN_UNGUARDED_AVAILABILITY = YES_AGGRESSIVE;
				CLANG_WARN_UNREACHABLE_CODE = YES;
				CLANG_WARN__DUPLICATE_METHOD_MATCH = YES;
				COPY_PHASE_STRIP = NO;
				DEBUG_INFORMATION_FORMAT = dwarf;
				DEVELOPMENT_TEAM = MT2JN72543;
				ENABLE_STRICT_OBJC_MSGSEND = YES;
				ENABLE_TESTABILITY = YES;
				ENABLE_USER_SCRIPT_SANDBOXING = YES;
				GCC_C_LANGUAGE_STANDARD = gnu17;
				GCC_DYNAMIC_NO_PIC = NO;
				GCC_NO_COMMON_BLOCKS = YES;
				GCC_OPTIMIZATION_LEVEL = 0;
				GCC_PREPROCESSOR_DEFINITIONS = (
					"DEBUG=1",
					"$(inherited)",
				);
				GCC_WARN_64_TO_32_BIT_CONVERSION = YES;
				GCC_WARN_ABOUT_RETURN_TYPE = YES_ERROR;
				GCC_WARN_UNDECLARED_SELECTOR = YES;
				GCC_WARN_UNINITIALIZED_AUTOS = YES_AGGRESSIVE;
				GCC_WARN_UNUSED_FUNCTION = YES;
				GCC_WARN_UNUSED_VARIABLE = YES;
				IPHONEOS_DEPLOYMENT_TARGET = 18.5;
				LOCALIZATION_PREFERS_STRING_CATALOGS = YES;
				MTL_ENABLE_DEBUG_INFO = INCLUDE_SOURCE;
				MTL_FAST_MATH = YES;
				ONLY_ACTIVE_ARCH = YES;
				SDKROOT = iphoneos;
				SWIFT_ACTIVE_COMPILATION_CONDITIONS = "DEBUG $(inherited)";
				SWIFT_OPTIMIZATION_LEVEL = "-Onone";
			};
			name = Debug;
		};
		6D581E572F09346C00D4B7F8 /* Release */ = {
			isa = XCBuildConfiguration;
			buildSettings = {
				ALWAYS_SEARCH_USER_PATHS = NO;
				ASSETCATALOG_COMPILER_GENERATE_SWIFT_ASSET_SYMBOL_EXTENSIONS = YES;
				CLANG_ANALYZER_NONNULL = YES;
				CLANG_ANALYZER_NUMBER_OBJECT_CONVERSION = YES_AGGRESSIVE;
				CLANG_CXX_LANGUAGE_STANDARD = "gnu++20";
				CLANG_ENABLE_MODULES = YES;
				CLANG_ENABLE_OBJC_ARC = YES;
				CLANG_ENABLE_OBJC_WEAK = YES;
				CLANG_WARN_BLOCK_CAPTURE_AUTORELEASING = YES;
				CLANG_WARN_BOOL_CONVERSION = YES;
				CLANG_WARN_COMMA = YES;
				CLANG_WARN_CONSTANT_CONVERSION = YES;
				CLANG_WARN_DEPRECATED_OBJC_IMPLEMENTATIONS = YES;
				CLANG_WARN_DIRECT_OBJC_ISA_USAGE = YES_ERROR;
				CLANG_WARN_DOCUMENTATION_COMMENTS = YES;
				CLANG_WARN_EMPTY_BODY = YES;
				CLANG_WARN_ENUM_CONVERSION = YES;
				CLANG_WARN_INFINITE_RECURSION = YES;
				CLANG_WARN_INT_CONVERSION = YES;
				CLANG_WARN_NON_LITERAL_NULL_CONVERSION = YES;
				CLANG_WARN_OBJC_IMPLICIT_RETAIN_SELF = YES;
				CLANG_WARN_OBJC_LITERAL_CONVERSION = YES;
				CLANG_WARN_OBJC_ROOT_CLASS = YES_ERROR;
				CLANG_WARN_QUOTED_INCLUDE_IN_FRAMEWORK_HEADER = YES;
				CLANG_WARN_RANGE_LOOP_ANALYSIS = YES;
				CLANG_WARN_STRICT_PROTOTYPES = YES;
				CLANG_WARN_SUSPICIOUS_MOVE = YES;
				CLANG_WARN_UNGUARDED_AVAILABILITY = YES_AGGRESSIVE;
				CLANG_WARN_UNREACHABLE_CODE = YES;
				CLANG_WARN__DUPLICATE_METHOD_MATCH = YES;
				COPY_PHASE_STRIP = NO;
				DEBUG_INFORMATION_FORMAT = "dwarf-with-dsym";
				DEVELOPMENT_TEAM = MT2JN72543;
				ENABLE_NS_ASSERTIONS = NO;
				ENABLE_STRICT_OBJC_MSGSEND = YES;
				ENABLE_USER_SCRIPT_SANDBOXING = YES;
				GCC_C_LANGUAGE_STANDARD = gnu17;
				GCC_NO_COMMON_BLOCKS = YES;
				GCC_WARN_64_TO_32_BIT_CONVERSION = YES;
				GCC_WARN_ABOUT_RETURN_TYPE = YES_ERROR;
				GCC_WARN_UNDECLARED_SELECTOR = YES;
				GCC_WARN_UNINITIALIZED_AUTOS = YES_AGGRESSIVE;
				GCC_WARN_UNUSED_FUNCTION = YES;
				GCC_WARN_UNUSED_VARIABLE = YES;
				IPHONEOS_DEPLOYMENT_TARGET = 18.5;
				LOCALIZATION_PREFERS_STRING_CATALOGS = YES;
				MTL_ENABLE_DEBUG_INFO = NO;
				MTL_FAST_MATH = YES;
				SDKROOT = iphoneos;
				SWIFT_COMPILATION_MODE = wholemodule;
				VALIDATE_PRODUCT = YES;
			};
			name = Release;
		};
		6D581E592F09346C00D4B7F8 /* Debug */ = {
			isa = XCBuildConfiguration;
			buildSettings = {
				BUNDLE_LOADER = "$(TEST_HOST)";
				CODE_SIGN_STYLE = Automatic;
				CURRENT_PROJECT_VERSION = 1;
				DEVELOPMENT_TEAM = MT2JN72543;
				GENERATE_INFOPLIST_FILE = YES;
				IPHONEOS_DEPLOYMENT_TARGET = 18.5;
				MARKETING_VERSION = 1.0;
				PRODUCT_BUNDLE_IDENTIFIER = jp.or.hopterschool..ShinGikenAppTests;
				PRODUCT_NAME = "$(TARGET_NAME)";
				SWIFT_EMIT_LOC_STRINGS = NO;
				SWIFT_VERSION = 5.0;
				TARGETED_DEVICE_FAMILY = "1,2";
				TEST_HOST = "$(BUILT_PRODUCTS_DIR)/ShinGikenApp.app/$(BUNDLE_EXECUTABLE_FOLDER_PATH)/ShinGikenApp";
			};
			name = Debug;
		};
		6D581E5A2F09346C00D4B7F8 /* Release */ = {
			isa = XCBuildConfiguration;
			buildSettings = {
				BUNDLE_LOADER = "$(TEST_HOST)";
				CODE_SIGN_STYLE = Automatic;
				CURRENT_PROJECT_VERSION = 1;
				DEVELOPMENT_TEAM = MT2JN72543;
				GENERATE_INFOPLIST_FILE = YES;
				IPHONEOS_DEPLOYMENT_TARGET = 18.5;
				MARKETING_VERSION = 1.0;
				PRODUCT_BUNDLE_IDENTIFIER = jp.or.hopterschool..ShinGikenAppTests;
				PRODUCT_NAME = "$(TARGET_NAME)";
				SWIFT_EMIT_LOC_STRINGS = NO;
				SWIFT_VERSION = 5.0;
				TARGETED_DEVICE_FAMILY = "1,2";
				TEST_HOST = "$(BUILT_PRODUCTS_DIR)/ShinGikenApp.app/$(BUNDLE_EXECUTABLE_FOLDER_PATH)/ShinGikenApp";
			};
			name = Release;
		};
		6D581E5C2F09346C00D4B7F8 /* Debug */ = {
			isa = XCBuildConfiguration;
			buildSettings = {
				CODE_SIGN_STYLE = Automatic;
				CURRENT_PROJECT_VERSION = 1;
				DEVELOPMENT_TEAM = MT2JN72543;
				GENERATE_INFOPLIST_FILE = YES;
				MARKETING_VERSION = 1.0;
				PRODUCT_BUNDLE_IDENTIFIER = jp.or.hopterschool..ShinGikenAppUITests;
				PRODUCT_NAME = "$(TARGET_NAME)";
				SWIFT_EMIT_LOC_STRINGS = NO;
				SWIFT_VERSION = 5.0;
				TARGETED_DEVICE_FAMILY = "1,2";
				TEST_TARGET_NAME = ShinGikenApp;
			};
			name = Debug;
		};
		6D581E5D2F09346C00D4B7F8 /* Release */ = {
			isa = XCBuildConfiguration;
			buildSettings = {
				CODE_SIGN_STYLE = Automatic;
				CURRENT_PROJECT_VERSION = 1;
				DEVELOPMENT_TEAM = MT2JN72543;
				GENERATE_INFOPLIST_FILE = YES;
				MARKETING_VERSION = 1.0;
				PRODUCT_BUNDLE_IDENTIFIER = jp.or.hopterschool..ShinGikenAppUITests;
				PRODUCT_NAME = "$(TARGET_NAME)";
				SWIFT_EMIT_LOC_STRINGS = NO;
				SWIFT_VERSION = 5.0;
				TARGETED_DEVICE_FAMILY = "1,2";
				TEST_TARGET_NAME = ShinGikenApp;
			};
			name = Release;
		};
/* End XCBuildConfiguration section */

/* Begin XCConfigurationList section */
		6D581E252F09346900D4B7F8 /* Build configuration list for PBXProject "ShinGikenApp" */ = {
			isa = XCConfigurationList;
			buildConfigurations = (
				6D581E562F09346C00D4B7F8 /* Debug */,
				6D581E572F09346C00D4B7F8 /* Release */,
			);
			defaultConfigurationIsVisible = 0;
			defaultConfigurationName = Release;
		};
		6D581E532F09346C00D4B7F8 /* Build configuration list for PBXNativeTarget "ShinGikenApp" */ = {
			isa = XCConfigurationList;
			buildConfigurations = (
				6D581E542F09346C00D4B7F8 /* Debug */,
				6D581E552F09346C00D4B7F8 /* Release */,
			);
			defaultConfigurationIsVisible = 0;
			defaultConfigurationName = Release;
		};
		6D581E582F09346C00D4B7F8 /* Build configuration list for PBXNativeTarget "ShinGikenAppTests" */ = {
			isa = XCConfigurationList;
			buildConfigurations = (
				6D581E592F09346C00D4B7F8 /* Debug */,
				6D581E5A2F09346C00D4B7F8 /* Release */,
			);
			defaultConfigurationIsVisible = 0;
			defaultConfigurationName = Release;
		};
		6D581E5B2F09346C00D4B7F8 /* Build configuration list for PBXNativeTarget "ShinGikenAppUITests" */ = {
			isa = XCConfigurationList;
			buildConfigurations = (
				6D581E5C2F09346C00D4B7F8 /* Debug */,
				6D581E5D2F09346C00D4B7F8 /* Release */,
			);
			defaultConfigurationIsVisible = 0;
			defaultConfigurationName = Release;
		};
/* End XCConfigurationList section */
	};
	rootObject = 6D581E222F09346900D4B7F8 /* Project object */;
}
